// !$*UTF8*$!
{
	archiveVersion = 1;
	classes = {
	};
	objectVersion = 46;
	objects = {

/* Begin PBXBuildFile section */
		89083C901EC010BA00A2532A /* ExpenseViewController.swift in Sources */ = {isa = PBXBuildFile; fileRef = 89083C8F1EC010BA00A2532A /* ExpenseViewController.swift */; };
		89083C921EC010C300A2532A /* ExpenseTableViewCell.swift in Sources */ = {isa = PBXBuildFile; fileRef = 89083C911EC010C300A2532A /* ExpenseTableViewCell.swift */; };
		89083C941EC010C800A2532A /* Expenses.swift in Sources */ = {isa = PBXBuildFile; fileRef = 89083C931EC010C800A2532A /* Expenses.swift */; };
		89083C961EC010CE00A2532A /* ExpenseTableViewController.swift in Sources */ = {isa = PBXBuildFile; fileRef = 89083C951EC010CE00A2532A /* ExpenseTableViewController.swift */; };
		893B285A1EB319800058A6AF /* AppDelegate.swift in Sources */ = {isa = PBXBuildFile; fileRef = 893B28591EB319800058A6AF /* AppDelegate.swift */; };
		893B285F1EB319800058A6AF /* Main.storyboard in Resources */ = {isa = PBXBuildFile; fileRef = 893B285D1EB319800058A6AF /* Main.storyboard */; };
		893B28611EB319800058A6AF /* Assets.xcassets in Resources */ = {isa = PBXBuildFile; fileRef = 893B28601EB319800058A6AF /* Assets.xcassets */; };
		893B28641EB319800058A6AF /* LaunchScreen.storyboard in Resources */ = {isa = PBXBuildFile; fileRef = 893B28621EB319800058A6AF /* LaunchScreen.storyboard */; };
		893B286F1EB319800058A6AF /* Xpense_TrackrTests.swift in Sources */ = {isa = PBXBuildFile; fileRef = 893B286E1EB319800058A6AF /* Xpense_TrackrTests.swift */; };
		893B287A1EB319800058A6AF /* Xpense_TrackrUITests.swift in Sources */ = {isa = PBXBuildFile; fileRef = 893B28791EB319800058A6AF /* Xpense_TrackrUITests.swift */; };
/* End PBXBuildFile section */

/* Begin PBXContainerItemProxy section */
		893B286B1EB319800058A6AF /* PBXContainerItemProxy */ = {
			isa = PBXContainerItemProxy;
			containerPortal = 893B284E1EB319800058A6AF /* Project object */;
			proxyType = 1;
			remoteGlobalIDString = 893B28551EB319800058A6AF;
			remoteInfo = "Xpense Trackr";
		};
		893B28761EB319800058A6AF /* PBXContainerItemProxy */ = {
			isa = PBXContainerItemProxy;
			containerPortal = 893B284E1EB319800058A6AF /* Project object */;
			proxyType = 1;
			remoteGlobalIDString = 893B28551EB319800058A6AF;
			remoteInfo = "Xpense Trackr";
		};
/* End PBXContainerItemProxy section */

/* Begin PBXFileReference section */
		89083C8F1EC010BA00A2532A /* ExpenseViewController.swift */ = {isa = PBXFileReference; fileEncoding = 4; lastKnownFileType = sourcecode.swift; path = ExpenseViewController.swift; sourceTree = "<group>"; };
		89083C911EC010C300A2532A /* ExpenseTableViewCell.swift */ = {isa = PBXFileReference; fileEncoding = 4; lastKnownFileType = sourcecode.swift; path = ExpenseTableViewCell.swift; sourceTree = "<group>"; };
		89083C931EC010C800A2532A /* Expenses.swift */ = {isa = PBXFileReference; fileEncoding = 4; lastKnownFileType = sourcecode.swift; path = Expenses.swift; sourceTree = "<group>"; };
		89083C951EC010CE00A2532A /* ExpenseTableViewController.swift */ = {isa = PBXFileReference; fileEncoding = 4; lastKnownFileType = sourcecode.swift; path = ExpenseTableViewController.swift; sourceTree = SOURCE_ROOT; };
		893B28561EB319800058A6AF /* Xpense Trackr.app */ = {isa = PBXFileReference; explicitFileType = wrapper.application; includeInIndex = 0; path = "Xpense Trackr.app"; sourceTree = BUILT_PRODUCTS_DIR; };
		893B28591EB319800058A6AF /* AppDelegate.swift */ = {isa = PBXFileReference; lastKnownFileType = sourcecode.swift; path = AppDelegate.swift; sourceTree = "<group>"; };
		893B285E1EB319800058A6AF /* Base */ = {isa = PBXFileReference; lastKnownFileType = file.storyboard; name = Base; path = Base.lproj/Main.storyboard; sourceTree = "<group>"; };
		893B28601EB319800058A6AF /* Assets.xcassets */ = {isa = PBXFileReference; lastKnownFileType = folder.assetcatalog; path = Assets.xcassets; sourceTree = "<group>"; };
		893B28631EB319800058A6AF /* Base */ = {isa = PBXFileReference; lastKnownFileType = file.storyboard; name = Base; path = Base.lproj/LaunchScreen.storyboard; sourceTree = "<group>"; };
		893B28651EB319800058A6AF /* Info.plist */ = {isa = PBXFileReference; lastKnownFileType = text.plist.xml; path = Info.plist; sourceTree = "<group>"; };
		893B286A1EB319800058A6AF /* Xpense TrackrTests.xctest */ = {isa = PBXFileReference; explicitFileType = wrapper.cfbundle; includeInIndex = 0; path = "Xpense TrackrTests.xctest"; sourceTree = BUILT_PRODUCTS_DIR; };
		893B286E1EB319800058A6AF /* Xpense_TrackrTests.swift */ = {isa = PBXFileReference; lastKnownFileType = sourcecode.swift; path = Xpense_TrackrTests.swift; sourceTree = "<group>"; };
		893B28701EB319800058A6AF /* Info.plist */ = {isa = PBXFileReference; lastKnownFileType = text.plist.xml; path = Info.plist; sourceTree = "<group>"; };
		893B28751EB319800058A6AF /* Xpense TrackrUITests.xctest */ = {isa = PBXFileReference; explicitFileType = wrapper.cfbundle; includeInIndex = 0; path = "Xpense TrackrUITests.xctest"; sourceTree = BUILT_PRODUCTS_DIR; };
		893B28791EB319800058A6AF /* Xpense_TrackrUITests.swift */ = {isa = PBXFileReference; lastKnownFileType = sourcecode.swift; path = Xpense_TrackrUITests.swift; sourceTree = "<group>"; };
		893B287B1EB319800058A6AF /* Info.plist */ = {isa = PBXFileReference; lastKnownFileType = text.plist.xml; path = Info.plist; sourceTree = "<group>"; };
/* End PBXFileReference section */

/* Begin PBXFrameworksBuildPhase section */
		893B28531EB319800058A6AF /* Frameworks */ = {
			isa = PBXFrameworksBuildPhase;
			buildActionMask = 2147483647;
			files = (
			);
			runOnlyForDeploymentPostprocessing = 0;
		};
		893B28671EB319800058A6AF /* Frameworks */ = {
			isa = PBXFrameworksBuildPhase;
			buildActionMask = 2147483647;
			files = (
			);
			runOnlyForDeploymentPostprocessing = 0;
		};
		893B28721EB319800058A6AF /* Frameworks */ = {
			isa = PBXFrameworksBuildPhase;
			buildActionMask = 2147483647;
			files = (
			);
			runOnlyForDeploymentPostprocessing = 0;
		};
/* End PBXFrameworksBuildPhase section */

/* Begin PBXGroup section */
		893B284D1EB319800058A6AF = {
			isa = PBXGroup;
			children = (
				893B28581EB319800058A6AF /* Xpense Trackr */,
				893B286D1EB319800058A6AF /* Xpense TrackrTests */,
				893B28781EB319800058A6AF /* Xpense TrackrUITests */,
				893B28571EB319800058A6AF /* Products */,
			);
			sourceTree = "<group>";
		};
		893B28571EB319800058A6AF /* Products */ = {
			isa = PBXGroup;
			children = (
				893B28561EB319800058A6AF /* Xpense Trackr.app */,
				893B286A1EB319800058A6AF /* Xpense TrackrTests.xctest */,
				893B28751EB319800058A6AF /* Xpense TrackrUITests.xctest */,
			);
			name = Products;
			sourceTree = "<group>";
		};
		893B28581EB319800058A6AF /* Xpense Trackr */ = {
			isa = PBXGroup;
			children = (
				89083C8F1EC010BA00A2532A /* ExpenseViewController.swift */,
				89083C951EC010CE00A2532A /* ExpenseTableViewController.swift */,
				89083C931EC010C800A2532A /* Expenses.swift */,
				89083C911EC010C300A2532A /* ExpenseTableViewCell.swift */,
				893B28591EB319800058A6AF /* AppDelegate.swift */,
				893B285D1EB319800058A6AF /* Main.storyboard */,
				893B28601EB319800058A6AF /* Assets.xcassets */,
				893B28621EB319800058A6AF /* LaunchScreen.storyboard */,
				893B28651EB319800058A6AF /* Info.plist */,
			);
			path = "Xpense Trackr";
			sourceTree = "<group>";
		};
		893B286D1EB319800058A6AF /* Xpense TrackrTests */ = {
			isa = PBXGroup;
			children = (
				893B286E1EB319800058A6AF /* Xpense_TrackrTests.swift */,
				893B28701EB319800058A6AF /* Info.plist */,
			);
			path = "Xpense TrackrTests";
			sourceTree = "<group>";
		};
		893B28781EB319800058A6AF /* Xpense TrackrUITests */ = {
			isa = PBXGroup;
			children = (
				893B28791EB319800058A6AF /* Xpense_TrackrUITests.swift */,
				893B287B1EB319800058A6AF /* Info.plist */,
			);
			path = "Xpense TrackrUITests";
			sourceTree = "<group>";
		};
/* End PBXGroup section */

/* Begin PBXNativeTarget section */
		893B28551EB319800058A6AF /* Xpense Trackr */ = {
			isa = PBXNativeTarget;
			buildConfigurationList = 893B287E1EB319800058A6AF /* Build configuration list for PBXNativeTarget "Xpense Trackr" */;
			buildPhases = (
				893B28521EB319800058A6AF /* Sources */,
				893B28531EB319800058A6AF /* Frameworks */,
				893B28541EB319800058A6AF /* Resources */,
			);
			buildRules = (
			);
			dependencies = (
			);
			name = "Xpense Trackr";
			productName = "Xpense Trackr";
			productReference = 893B28561EB319800058A6AF /* Xpense Trackr.app */;
			productType = "com.apple.product-type.application";
		};
		893B28691EB319800058A6AF /* Xpense TrackrTests */ = {
			isa = PBXNativeTarget;
			buildConfigurationList = 893B28811EB319800058A6AF /* Build configuration list for PBXNativeTarget "Xpense TrackrTests" */;
			buildPhases = (
				893B28661EB319800058A6AF /* Sources */,
				893B28671EB319800058A6AF /* Frameworks */,
				893B28681EB319800058A6AF /* Resources */,
			);
			buildRules = (
			);
			dependencies = (
				893B286C1EB319800058A6AF /* PBXTargetDependency */,
			);
			name = "Xpense TrackrTests";
			productName = "Xpense TrackrTests";
			productReference = 893B286A1EB319800058A6AF /* Xpense TrackrTests.xctest */;
			productType = "com.apple.product-type.bundle.unit-test";
		};
		893B28741EB319800058A6AF /* Xpense TrackrUITests */ = {
			isa = PBXNativeTarget;
			buildConfigurationList = 893B28841EB319800058A6AF /* Build configuration list for PBXNativeTarget "Xpense TrackrUITests" */;
			buildPhases = (
				893B28711EB319800058A6AF /* Sources */,
				893B28721EB319800058A6AF /* Frameworks */,
				893B28731EB319800058A6AF /* Resources */,
			);
			buildRules = (
			);
			dependencies = (
				893B28771EB319800058A6AF /* PBXTargetDependency */,
			);
			name = "Xpense TrackrUITests";
			productName = "Xpense TrackrUITests";
			productReference = 893B28751EB319800058A6AF /* Xpense TrackrUITests.xctest */;
			productType = "com.apple.product-type.bundle.ui-testing";
		};
/* End PBXNativeTarget section */

/* Begin PBXProject section */
		893B284E1EB319800058A6AF /* Project object */ = {
			isa = PBXProject;
			attributes = {
				LastSwiftUpdateCheck = 0820;
				LastUpgradeCheck = 0820;
				ORGANIZATIONNAME = "CHRIS CHONG";
				TargetAttributes = {
					893B28551EB319800058A6AF = {
						CreatedOnToolsVersion = 8.2.1;
						ProvisioningStyle = Automatic;
					};
					893B28691EB319800058A6AF = {
						CreatedOnToolsVersion = 8.2.1;
						ProvisioningStyle = Automatic;
						TestTargetID = 893B28551EB319800058A6AF;
					};
					893B28741EB319800058A6AF = {
						CreatedOnToolsVersion = 8.2.1;
						ProvisioningStyle = Automatic;
						TestTargetID = 893B28551EB319800058A6AF;
					};
				};
			};
			buildConfigurationList = 893B28511EB319800058A6AF /* Build configuration list for PBXProject "Xpense Trackr" */;
			compatibilityVersion = "Xcode 3.2";
			developmentRegion = English;
			hasScannedForEncodings = 0;
			knownRegions = (
				en,
				Base,
			);
			mainGroup = 893B284D1EB319800058A6AF;
			productRefGroup = 893B28571EB319800058A6AF /* Products */;
			projectDirPath = "";
			projectRoot = "";
			targets = (
				893B28551EB319800058A6AF /* Xpense Trackr */,
				893B28691EB319800058A6AF /* Xpense TrackrTests */,
				893B28741EB319800058A6AF /* Xpense TrackrUITests */,
			);
		};
/* End PBXProject section */

/* Begin PBXResourcesBuildPhase section */
		893B28541EB319800058A6AF /* Resources */ = {
			isa = PBXResourcesBuildPhase;
			buildActionMask = 2147483647;
			files = (
				893B28641EB319800058A6AF /* LaunchScreen.storyboard in Resources */,
				893B28611EB319800058A6AF /* Assets.xcassets in Resources */,
				893B285F1EB319800058A6AF /* Main.storyboard in Resources */,
			);
			runOnlyForDeploymentPostprocessing = 0;
		};
		893B28681EB319800058A6AF /* Resources */ = {
			isa = PBXResourcesBuildPhase;
			buildActionMask = 2147483647;
			files = (
			);
			runOnlyForDeploymentPostprocessing = 0;
		};
		893B28731EB319800058A6AF /* Resources */ = {
			isa = PBXResourcesBuildPhase;
			buildActionMask = 2147483647;
			files = (
			);
			runOnlyForDeploymentPostprocessing = 0;
		};
/* End PBXResourcesBuildPhase section */

/* Begin PBXSourcesBuildPhase section */
		893B28521EB319800058A6AF /* Sources */ = {
			isa = PBXSourcesBuildPhase;
			buildActionMask = 2147483647;
			files = (
				89083C941EC010C800A2532A /* Expenses.swift in Sources */,
				89083C921EC010C300A2532A /* ExpenseTableViewCell.swift in Sources */,
				893B285A1EB319800058A6AF /* AppDelegate.swift in Sources */,
				89083C961EC010CE00A2532A /* ExpenseTableViewController.swift in Sources */,
				89083C901EC010BA00A2532A /* ExpenseViewController.swift in Sources */,
			);
			runOnlyForDeploymentPostprocessing = 0;
		};
		893B28661EB319800058A6AF /* Sources */ = {
			isa = PBXSourcesBuildPhase;
			buildActionMask = 2147483647;
			files = (
				893B286F1EB319800058A6AF /* Xpense_TrackrTests.swift in Sources */,
			);
			runOnlyForDeploymentPostprocessing = 0;
		};
		893B28711EB319800058A6AF /* Sources */ = {
			isa = PBXSourcesBuildPhase;
			buildActionMask = 2147483647;
			files = (
				893B287A1EB319800058A6AF /* Xpense_TrackrUITests.swift in Sources */,
			);
			runOnlyForDeploymentPostprocessing = 0;
		};
/* End PBXSourcesBuildPhase section */

/* Begin PBXTargetDependency section */
		893B286C1EB319800058A6AF /* PBXTargetDependency */ = {
			isa = PBXTargetDependency;
			target = 893B28551EB319800058A6AF /* Xpense Trackr */;
			targetProxy = 893B286B1EB319800058A6AF /* PBXContainerItemProxy */;
		};
		893B28771EB319800058A6AF /* PBXTargetDependency */ = {
			isa = PBXTargetDependency;
			target = 893B28551EB319800058A6AF /* Xpense Trackr */;
			targetProxy = 893B28761EB319800058A6AF /* PBXContainerItemProxy */;
		};
/* End PBXTargetDependency section */

/* Begin PBXVariantGroup section */
		893B285D1EB319800058A6AF /* Main.storyboard */ = {
			isa = PBXVariantGroup;
			children = (
				893B285E1EB319800058A6AF /* Base */,
			);
			name = Main.storyboard;
			sourceTree = "<group>";
		};
		893B28621EB319800058A6AF /* LaunchScreen.storyboard */ = {
			isa = PBXVariantGroup;
			children = (
				893B28631EB319800058A6AF /* Base */,
			);
			name = LaunchScreen.storyboard;
			sourceTree = "<group>";
		};
/* End PBXVariantGroup section */

/* Begin XCBuildConfiguration section */
		893B287C1EB319800058A6AF /* Debug */ = {
			isa = XCBuildConfiguration;
			buildSettings = {
				ALWAYS_SEARCH_USER_PATHS = NO;
				CLANG_ANALYZER_NONNULL = YES;
				CLANG_CXX_LANGUAGE_STANDARD = "gnu++0x";
				CLANG_CXX_LIBRARY = "libc++";
				CLANG_ENABLE_MODULES = YES;
				CLANG_ENABLE_OBJC_ARC = YES;
				CLANG_WARN_BOOL_CONVERSION = YES;
				CLANG_WARN_CONSTANT_CONVERSION = YES;
				CLANG_WARN_DIRECT_OBJC_ISA_USAGE = YES_ERROR;
				CLANG_WARN_DOCUMENTATION_COMMENTS = YES;
				CLANG_WARN_EMPTY_BODY = YES;
				CLANG_WARN_ENUM_CONVERSION = YES;
				CLANG_WARN_INFINITE_RECURSION = YES;
				CLANG_WARN_INT_CONVERSION = YES;
				CLANG_WARN_OBJC_ROOT_CLASS = YES_ERROR;
				CLANG_WARN_SUSPICIOUS_MOVE = YES;
				CLANG_WARN_UNREACHABLE_CODE = YES;
				CLANG_WARN__DUPLICATE_METHOD_MATCH = YES;
				"CODE_SIGN_IDENTITY[sdk=iphoneos*]" = "iPhone Developer";
				COPY_PHASE_STRIP = NO;
				DEBUG_INFORMATION_FORMAT = dwarf;
				ENABLE_STRICT_OBJC_MSGSEND = YES;
				ENABLE_TESTABILITY = YES;
				GCC_C_LANGUAGE_STANDARD = gnu99;
				GCC_DYNAMIC_NO_PIC = NO;
				GCC_NO_COMMON_BLOCKS = YES;
				GCC_OPTIMIZATION_LEVEL = 0;
				GCC_PREPROCESSOR_DEFINITIONS = (
					"DEBUG=1",
					"$(inherited)",
				);
				GCC_WARN_64_TO_32_BIT_CONVERSION = YES;
				GCC_WARN_ABOUT_RETURN_TYPE = YES_ERROR;
				GCC_WARN_UNDECLARED_SELECTOR = YES;
				GCC_WARN_UNINITIALIZED_AUTOS = YES_AGGRESSIVE;
				GCC_WARN_UNUSED_FUNCTION = YES;
				GCC_WARN_UNUSED_VARIABLE = YES;
				IPHONEOS_DEPLOYMENT_TARGET = 10.2;
				MTL_ENABLE_DEBUG_INFO = YES;
				ONLY_ACTIVE_ARCH = YES;
				SDKROOT = iphoneos;
				SWIFT_ACTIVE_COMPILATION_CONDITIONS = DEBUG;
				SWIFT_OPTIMIZATION_LEVEL = "-Onone";
				TARGETED_DEVICE_FAMILY = "1,2";
			};
			name = Debug;
		};
		893B287D1EB319800058A6AF /* Release */ = {
			isa = XCBuildConfiguration;
			buildSettings = {
				ALWAYS_SEARCH_USER_PATHS = NO;
				CLANG_ANALYZER_NONNULL = YES;
				CLANG_CXX_LANGUAGE_STANDARD = "gnu++0x";
				CLANG_CXX_LIBRARY = "libc++";
				CLANG_ENABLE_MODULES = YES;
				CLANG_ENABLE_OBJC_ARC = YES;
				CLANG_WARN_BOOL_CONVERSION = YES;
				CLANG_WARN_CONSTANT_CONVERSION = YES;
				CLANG_WARN_DIRECT_OBJC_ISA_USAGE = YES_ERROR;
				CLANG_WARN_DOCUMENTATION_COMMENTS = YES;
				CLANG_WARN_EMPTY_BODY = YES;
				CLANG_WARN_ENUM_CONVERSION = YES;
				CLANG_WARN_INFINITE_RECURSION = YES;
				CLANG_WARN_INT_CONVERSION = YES;
				CLANG_WARN_OBJC_ROOT_CLASS = YES_ERROR;
				CLANG_WARN_SUSPICIOUS_MOVE = YES;
				CLANG_WARN_UNREACHABLE_CODE = YES;
				CLANG_WARN__DUPLICATE_METHOD_MATCH = YES;
				"CODE_SIGN_IDENTITY[sdk=iphoneos*]" = "iPhone Developer";
				COPY_PHASE_STRIP = NO;
				DEBUG_INFORMATION_FORMAT = "dwarf-with-dsym";
				ENABLE_NS_ASSERTIONS = NO;
				ENABLE_STRICT_OBJC_MSGSEND = YES;
				GCC_C_LANGUAGE_STANDARD = gnu99;
				GCC_NO_COMMON_BLOCKS = YES;
				GCC_WARN_64_TO_32_BIT_CONVERSION = YES;
				GCC_WARN_ABOUT_RETURN_TYPE = YES_ERROR;
				GCC_WARN_UNDECLARED_SELECTOR = YES;
				GCC_WARN_UNINITIALIZED_AUTOS = YES_AGGRESSIVE;
				GCC_WARN_UNUSED_FUNCTION = YES;
				GCC_WARN_UNUSED_VARIABLE = YES;
				IPHONEOS_DEPLOYMENT_TARGET = 10.2;
				MTL_ENABLE_DEBUG_INFO = NO;
				SDKROOT = iphoneos;
				SWIFT_OPTIMIZATION_LEVEL = "-Owholemodule";
				TARGETED_DEVICE_FAMILY = "1,2";
				VALIDATE_PRODUCT = YES;
			};
			name = Release;
		};
		893B287F1EB319800058A6AF /* Debug */ = {
			isa = XCBuildConfiguration;
			buildSettings = {
				ASSETCATALOG_COMPILER_APPICON_NAME = AppIcon;
				INFOPLIST_FILE = "Xpense Trackr/Info.plist";
				LD_RUNPATH_SEARCH_PATHS = "$(inherited) @executable_path/Frameworks";
				PRODUCT_BUNDLE_IDENTIFIER = "Deakin.Xpense-Trackr";
				PRODUCT_NAME = "$(TARGET_NAME)";
				SWIFT_VERSION = 3.0;
			};
			name = Debug;
		};
		893B28801EB319800058A6AF /* Release */ = {
			isa = XCBuildConfiguration;
			buildSettings = {
				ASSETCATALOG_COMPILER_APPICON_NAME = AppIcon;
				INFOPLIST_FILE = "Xpense Trackr/Info.plist";
				LD_RUNPATH_SEARCH_PATHS = "$(inherited) @executable_path/Frameworks";
				PRODUCT_BUNDLE_IDENTIFIER = "Deakin.Xpense-Trackr";
				PRODUCT_NAME = "$(TARGET_NAME)";
				SWIFT_VERSION = 3.0;
			};
			name = Release;
		};
		893B28821EB319800058A6AF /* Debug */ = {
			isa = XCBuildConfiguration;
			buildSettings = {
				ALWAYS_EMBED_SWIFT_STANDARD_LIBRARIES = YES;
				BUNDLE_LOADER = "$(TEST_HOST)";
				INFOPLIST_FILE = "Xpense TrackrTests/Info.plist";
				LD_RUNPATH_SEARCH_PATHS = "$(inherited) @executable_path/Frameworks @loader_path/Frameworks";
				PRODUCT_BUNDLE_IDENTIFIER = "Deakin.Xpense-TrackrTests";
				PRODUCT_NAME = "$(TARGET_NAME)";
				SWIFT_VERSION = 3.0;
				TEST_HOST = "$(BUILT_PRODUCTS_DIR)/Xpense Trackr.app/Xpense Trackr";
			};
			name = Debug;
		};
		893B28831EB319800058A6AF /* Release */ = {
			isa = XCBuildConfiguration;
			buildSettings = {
				ALWAYS_EMBED_SWIFT_STANDARD_LIBRARIES = YES;
				BUNDLE_LOADER = "$(TEST_HOST)";
				INFOPLIST_FILE = "Xpense TrackrTests/Info.plist";
				LD_RUNPATH_SEARCH_PATHS = "$(inherited) @executable_path/Frameworks @loader_path/Frameworks";
				PRODUCT_BUNDLE_IDENTIFIER = "Deakin.Xpense-TrackrTests";
				PRODUCT_NAME = "$(TARGET_NAME)";
				SWIFT_VERSION = 3.0;
				TEST_HOST = "$(BUILT_PRODUCTS_DIR)/Xpense Trackr.app/Xpense Trackr";
			};
			name = Release;
		};
		893B28851EB319800058A6AF /* Debug */ = {
			isa = XCBuildConfiguration;
			buildSettings = {
				ALWAYS_EMBED_SWIFT_STANDARD_LIBRARIES = YES;
				INFOPLIST_FILE = "Xpense TrackrUITests/Info.plist";
				LD_RUNPATH_SEARCH_PATHS = "$(inherited) @executable_path/Frameworks @loader_path/Frameworks";
				PRODUCT_BUNDLE_IDENTIFIER = "Deakin.Xpense-TrackrUITests";
				PRODUCT_NAME = "$(TARGET_NAME)";
				SWIFT_VERSION = 3.0;
				TEST_TARGET_NAME = "Xpense Trackr";
			};
			name = Debug;
		};
		893B28861EB319800058A6AF /* Release */ = {
			isa = XCBuildConfiguration;
			buildSettings = {
				ALWAYS_EMBED_SWIFT_STANDARD_LIBRARIES = YES;
				INFOPLIST_FILE = "Xpense TrackrUITests/Info.plist";
				LD_RUNPATH_SEARCH_PATHS = "$(inherited) @executable_path/Frameworks @loader_path/Frameworks";
				PRODUCT_BUNDLE_IDENTIFIER = "Deakin.Xpense-TrackrUITests";
				PRODUCT_NAME = "$(TARGET_NAME)";
				SWIFT_VERSION = 3.0;
				TEST_TARGET_NAME = "Xpense Trackr";
			};
			name = Release;
		};
/* End XCBuildConfiguration section */

/* Begin XCConfigurationList section */
		893B28511EB319800058A6AF /* Build configuration list for PBXProject "Xpense Trackr" */ = {
			isa = XCConfigurationList;
			buildConfigurations = (
				893B287C1EB319800058A6AF /* Debug */,
				893B287D1EB319800058A6AF /* Release */,
			);
			defaultConfigurationIsVisible = 0;
			defaultConfigurationName = Release;
		};
		893B287E1EB319800058A6AF /* Build configuration list for PBXNativeTarget "Xpense Trackr" */ = {
			isa = XCConfigurationList;
			buildConfigurations = (
				893B287F1EB319800058A6AF /* Debug */,
				893B28801EB319800058A6AF /* Release */,
			);
			defaultConfigurationIsVisible = 0;
			defaultConfigurationName = Release;
		};
		893B28811EB319800058A6AF /* Build configuration list for PBXNativeTarget "Xpense TrackrTests" */ = {
			isa = XCConfigurationList;
			buildConfigurations = (
				893B28821EB319800058A6AF /* Debug */,
				893B28831EB319800058A6AF /* Release */,
			);
			defaultConfigurationIsVisible = 0;
			defaultConfigurationName = Release;
		};
		893B28841EB319800058A6AF /* Build configuration list for PBXNativeTarget "Xpense TrackrUITests" */ = {
			isa = XCConfigurationList;
			buildConfigurations = (
				893B28851EB319800058A6AF /* Debug */,
				893B28861EB319800058A6AF /* Release */,
			);
			defaultConfigurationIsVisible = 0;
			defaultConfigurationName = Release;
		};
/* End XCConfigurationList section */
	};
	rootObject = 893B284E1EB319800058A6AF /* Project object */;
}
